
Microsoft Visual Studio Solution File, Format Version 12.00
# Visual Studio Version 17
VisualStudioVersion = 17.11.34909.67
MinimumVisualStudioVersion = 10.0.40219.1
Project("{FAE04EC0-301F-11D3-BF4B-00C04F79EFBC}") = "Otus.TikTakToe", "Otus.TikTakToe\Otus.TikTakToe.csproj", "{F89D9DD2-AAC5-4511-892E-4BFC2487288B}"
EndProject
Project("{FAE04EC0-301F-11D3-BF4B-00C04F79EFBC}") = "TikTakToe.Console", "TikTakToe.Console\TikTakToe.Console.csproj", "{50A27A25-F7DD-44C2-A25A-7566F7CA368F}"
EndProject
Global
	GlobalSection(SolutionConfigurationPlatforms) = preSolution
		Debug|Any CPU = Debug|Any CPU
		Release|Any CPU = Release|Any CPU
	EndGlobalSection
	GlobalSection(ProjectConfigurationPlatforms) = postSolution
		{F89D9DD2-AAC5-4511-892E-4BFC2487288B}.Debug|Any CPU.ActiveCfg = Debug|Any CPU
		{F89D9DD2-AAC5-4511-892E-4BFC2487288B}.Debug|Any CPU.Build.0 = Debug|Any CPU
		{F89D9DD2-AAC5-4511-892E-4BFC2487288B}.Release|Any CPU.ActiveCfg = Release|Any CPU
		{F89D9DD2-AAC5-4511-892E-4BFC2487288B}.Release|Any CPU.Build.0 = Release|Any CPU
		{50A27A25-F7DD-44C2-A25A-7566F7CA368F}.Debug|Any CPU.ActiveCfg = Debug|Any CPU
		{50A27A25-F7DD-44C2-A25A-7566F7CA368F}.Debug|Any CPU.Build.0 = Debug|Any CPU
		{50A27A25-F7DD-44C2-A25A-7566F7CA368F}.Release|Any CPU.ActiveCfg = Release|Any CPU
		{50A27A25-F7DD-44C2-A25A-7566F7CA368F}.Release|Any CPU.Build.0 = Release|Any CPU
	EndGlobalSection
	GlobalSection(SolutionProperties) = preSolution
		HideSolutionNode = FALSE
	EndGlobalSection
	GlobalSection(ExtensibilityGlobals) = postSolution
		SolutionGuid = {B4808CC2-2624-4714-8B5D-1BCDB05BC94B}
	EndGlobalSection
EndGlobal
